
Microsoft Visual Studio Solution File, Format Version 12.00
# Visual Studio 15
VisualStudioVersion = 15.0.26020.0
MinimumVisualStudioVersion = 10.0.40219.1
Project("{FAE04EC0-301F-11D3-BF4B-00C04F79EFBC}") = "Ewancoder.DDD", "Ewancoder.DDD\Ewancoder.DDD.csproj", "{A6C8AF94-E92B-4CA2-8AAE-8DBDA07429E5}"
EndProject
Project("{FAE04EC0-301F-11D3-BF4B-00C04F79EFBC}") = "Ewancoder.DDD.Tests", "Ewancoder.DDD.Tests\Ewancoder.DDD.Tests.csproj", "{FC27CAE9-B863-4F9C-BFC3-7B5ED7F0CA73}"
EndProject
Project("{FAE04EC0-301F-11D3-BF4B-00C04F79EFBC}") = "Ewancoder.DDD.Autofac", "Ewancoder.DDD.Autofac\Ewancoder.DDD.Autofac.csproj", "{03FAD694-7276-4D0D-B0F9-7C9E59CBA71D}"
EndProject
Project("{FAE04EC0-301F-11D3-BF4B-00C04F79EFBC}") = "Ewancoder.DDD.Autofac.Tests", "Ewancoder.DDD.Autofac.Tests\Ewancoder.DDD.Autofac.Tests.csproj", "{C5392485-560B-4BB9-9C2B-83706B7D5A26}"
EndProject
Project("{FAE04EC0-301F-11D3-BF4B-00C04F79EFBC}") = "Ewancoder.DDD.EFEventStore", "Ewancoder.DDD.EFEventStore\Ewancoder.DDD.EFEventStore.csproj", "{04DD5B36-C9F7-466F-A00C-080042C3020E}"
EndProject
Project("{FAE04EC0-301F-11D3-BF4B-00C04F79EFBC}") = "Ewancoder.DDD.EFEventStore.Tests", "Ewancoder.DDD.EFEventStore.Tests\Ewancoder.DDD.EFEventStore.Tests.csproj", "{2152C8E8-6133-4391-AFD8-782DAF7B2907}"
EndProject
Global
	GlobalSection(SolutionConfigurationPlatforms) = preSolution
		Debug|Any CPU = Debug|Any CPU
		Release|Any CPU = Release|Any CPU
	EndGlobalSection
	GlobalSection(ProjectConfigurationPlatforms) = postSolution
		{A6C8AF94-E92B-4CA2-8AAE-8DBDA07429E5}.Debug|Any CPU.ActiveCfg = Debug|Any CPU
		{A6C8AF94-E92B-4CA2-8AAE-8DBDA07429E5}.Debug|Any CPU.Build.0 = Debug|Any CPU
		{A6C8AF94-E92B-4CA2-8AAE-8DBDA07429E5}.Release|Any CPU.ActiveCfg = Release|Any CPU
		{A6C8AF94-E92B-4CA2-8AAE-8DBDA07429E5}.Release|Any CPU.Build.0 = Release|Any CPU
		{FC27CAE9-B863-4F9C-BFC3-7B5ED7F0CA73}.Debug|Any CPU.ActiveCfg = Debug|Any CPU
		{FC27CAE9-B863-4F9C-BFC3-7B5ED7F0CA73}.Debug|Any CPU.Build.0 = Debug|Any CPU
		{FC27CAE9-B863-4F9C-BFC3-7B5ED7F0CA73}.Release|Any CPU.ActiveCfg = Release|Any CPU
		{FC27CAE9-B863-4F9C-BFC3-7B5ED7F0CA73}.Release|Any CPU.Build.0 = Release|Any CPU
		{03FAD694-7276-4D0D-B0F9-7C9E59CBA71D}.Debug|Any CPU.ActiveCfg = Debug|Any CPU
		{03FAD694-7276-4D0D-B0F9-7C9E59CBA71D}.Debug|Any CPU.Build.0 = Debug|Any CPU
		{03FAD694-7276-4D0D-B0F9-7C9E59CBA71D}.Release|Any CPU.ActiveCfg = Release|Any CPU
		{03FAD694-7276-4D0D-B0F9-7C9E59CBA71D}.Release|Any CPU.Build.0 = Release|Any CPU
		{C5392485-560B-4BB9-9C2B-83706B7D5A26}.Debug|Any CPU.ActiveCfg = Debug|Any CPU
		{C5392485-560B-4BB9-9C2B-83706B7D5A26}.Debug|Any CPU.Build.0 = Debug|Any CPU
		{C5392485-560B-4BB9-9C2B-83706B7D5A26}.Release|Any CPU.ActiveCfg = Release|Any CPU
		{C5392485-560B-4BB9-9C2B-83706B7D5A26}.Release|Any CPU.Build.0 = Release|Any CPU
		{04DD5B36-C9F7-466F-A00C-080042C3020E}.Debug|Any CPU.ActiveCfg = Debug|Any CPU
		{04DD5B36-C9F7-466F-A00C-080042C3020E}.Debug|Any CPU.Build.0 = Debug|Any CPU
		{04DD5B36-C9F7-466F-A00C-080042C3020E}.Release|Any CPU.ActiveCfg = Release|Any CPU
		{04DD5B36-C9F7-466F-A00C-080042C3020E}.Release|Any CPU.Build.0 = Release|Any CPU
		{2152C8E8-6133-4391-AFD8-782DAF7B2907}.Debug|Any CPU.ActiveCfg = Debug|Any CPU
		{2152C8E8-6133-4391-AFD8-782DAF7B2907}.Debug|Any CPU.Build.0 = Debug|Any CPU
		{2152C8E8-6133-4391-AFD8-782DAF7B2907}.Release|Any CPU.ActiveCfg = Release|Any CPU
		{2152C8E8-6133-4391-AFD8-782DAF7B2907}.Release|Any CPU.Build.0 = Release|Any CPU
	EndGlobalSection
	GlobalSection(SolutionProperties) = preSolution
		HideSolutionNode = FALSE
	EndGlobalSection
EndGlobal
